
Microsoft Visual Studio Solution File, Format Version 12.00
# Visual Studio Version 16
VisualStudioVersion = 16.0.31702.278
MinimumVisualStudioVersion = 10.0.40219.1
Project("{FAE04EC0-301F-11D3-BF4B-00C04F79EFBC}") = "ProductApplication", "ProductApplication\ProductApplication.csproj", "{0FAC59F8-D860-4B7C-A9CA-0CFD645C52B6}"
EndProject
Global
	GlobalSection(SolutionConfigurationPlatforms) = preSolution
		Debug|Any CPU = Debug|Any CPU
		Release|Any CPU = Release|Any CPU
	EndGlobalSection
	GlobalSection(ProjectConfigurationPlatforms) = postSolution
		{0FAC59F8-D860-4B7C-A9CA-0CFD645C52B6}.Debug|Any CPU.ActiveCfg = Debug|Any CPU
		{0FAC59F8-D860-4B7C-A9CA-0CFD645C52B6}.Debug|Any CPU.Build.0 = Debug|Any CPU
		{0FAC59F8-D860-4B7C-A9CA-0CFD645C52B6}.Release|Any CPU.ActiveCfg = Release|Any CPU
		{0FAC59F8-D860-4B7C-A9CA-0CFD645C52B6}.Release|Any CPU.Build.0 = Release|Any CPU
	EndGlobalSection
	GlobalSection(SolutionProperties) = preSolution
		HideSolutionNode = FALSE
	EndGlobalSection
	GlobalSection(ExtensibilityGlobals) = postSolution
		SolutionGuid = {006CD122-A926-464F-A497-8559CE7B95E2}
	EndGlobalSection
EndGlobal
